
Microsoft Visual Studio Solution File, Format Version 10.00
# Visual Studio 2008
Project("{FAE04EC0-301F-11D3-BF4B-00C04F79EFBC}") = "LinqFilter", "LinqFilter\LinqFilter.csproj", "{5277B6CB-4DB1-456E-A863-C264047B6DD8}"
EndProject
Project("{FAE04EC0-301F-11D3-BF4B-00C04F79EFBC}") = "LinqFilter.Extensions", "LinqFilter.Extensions\LinqFilter.Extensions.csproj", "{379864B8-55D7-472A-9DA1-5C46E73BBD43}"
EndProject
Global
	GlobalSection(SolutionConfigurationPlatforms) = preSolution
		Debug|Any CPU = Debug|Any CPU
		Release|Any CPU = Release|Any CPU
	EndGlobalSection
	GlobalSection(ProjectConfigurationPlatforms) = postSolution
		{5277B6CB-4DB1-456E-A863-C264047B6DD8}.Debug|Any CPU.ActiveCfg = Debug|Any CPU
		{5277B6CB-4DB1-456E-A863-C264047B6DD8}.Debug|Any CPU.Build.0 = Debug|Any CPU
		{5277B6CB-4DB1-456E-A863-C264047B6DD8}.Release|Any CPU.ActiveCfg = Release|Any CPU
		{5277B6CB-4DB1-456E-A863-C264047B6DD8}.Release|Any CPU.Build.0 = Release|Any CPU
		{379864B8-55D7-472A-9DA1-5C46E73BBD43}.Debug|Any CPU.ActiveCfg = Debug|Any CPU
		{379864B8-55D7-472A-9DA1-5C46E73BBD43}.Debug|Any CPU.Build.0 = Debug|Any CPU
		{379864B8-55D7-472A-9DA1-5C46E73BBD43}.Release|Any CPU.ActiveCfg = Release|Any CPU
		{379864B8-55D7-472A-9DA1-5C46E73BBD43}.Release|Any CPU.Build.0 = Release|Any CPU
	EndGlobalSection
	GlobalSection(SolutionProperties) = preSolution
		HideSolutionNode = FALSE
	EndGlobalSection
EndGlobal
